# THIS IS AN AUTOGENERATED FILE. DO NOT EDIT THIS FILE DIRECTLY.
# yarn lockfile v1


"@angular/fire@^5.0.0":
  version "5.0.0"
  resolved "https://registry.yarnpkg.com/@angular/fire/-/fire-5.0.0.tgz#2f07bd7b429d4752badbd53c15a9a3848009e2d5"

typescript@^3.0.3:
  version "3.0.3"
  resolved "https://registry.yarnpkg.com/typescript/-/typescript-3.0.3.tgz#4853b3e275ecdaa27f78fda46dc273a7eb7fc1c8"
